
Microsoft Visual Studio Solution File, Format Version 12.00
# Visual Studio Version 17
VisualStudioVersion = 17.4.33103.184
MinimumVisualStudioVersion = 10.0.40219.1
Project("{FAE04EC0-301F-11D3-BF4B-00C04F79EFBC}") = "OKR_BD", "OKR_BD\OKR_BD.csproj", "{A1003409-9E62-4409-9E77-A27A5B8856CD}"
EndProject
Global
	GlobalSection(SolutionConfigurationPlatforms) = preSolution
		Debug|Any CPU = Debug|Any CPU
		Release|Any CPU = Release|Any CPU
	EndGlobalSection
	GlobalSection(ProjectConfigurationPlatforms) = postSolution
		{A1003409-9E62-4409-9E77-A27A5B8856CD}.Debug|Any CPU.ActiveCfg = Debug|Any CPU
		{A1003409-9E62-4409-9E77-A27A5B8856CD}.Debug|Any CPU.Build.0 = Debug|Any CPU
		{A1003409-9E62-4409-9E77-A27A5B8856CD}.Release|Any CPU.ActiveCfg = Release|Any CPU
		{A1003409-9E62-4409-9E77-A27A5B8856CD}.Release|Any CPU.Build.0 = Release|Any CPU
	EndGlobalSection
	GlobalSection(SolutionProperties) = preSolution
		HideSolutionNode = FALSE
	EndGlobalSection
	GlobalSection(ExtensibilityGlobals) = postSolution
		SolutionGuid = {20F74959-5D99-4222-BDBB-40C9370D02CB}
	EndGlobalSection
EndGlobal
